
Microsoft Visual Studio Solution File, Format Version 12.00
# Visual Studio Version 16
VisualStudioVersion = 16.0.30114.105
MinimumVisualStudioVersion = 10.0.40219.1
Project("{FAE04EC0-301F-11D3-BF4B-00C04F79EFBC}") = "API", "API\API.csproj", "{785F71D9-C43F-4BF3-A19D-B5B37522892F}"
EndProject
Project("{FAE04EC0-301F-11D3-BF4B-00C04F79EFBC}") = "Application", "Application\Application.csproj", "{56B3F495-F512-4489-922D-946E2A30AA25}"
EndProject
Project("{FAE04EC0-301F-11D3-BF4B-00C04F79EFBC}") = "Domain", "Domain\Domain.csproj", "{0245C988-AD16-4FA5-ACE8-F63D52F383DD}"
EndProject
Project("{FAE04EC0-301F-11D3-BF4B-00C04F79EFBC}") = "Persistence", "Persistence\Persistence.csproj", "{7E4E38BD-64BF-46E7-936E-1CE591D1503D}"
EndProject
Global
	GlobalSection(SolutionConfigurationPlatforms) = preSolution
		Debug|Any CPU = Debug|Any CPU
		Debug|x64 = Debug|x64
		Debug|x86 = Debug|x86
		Release|Any CPU = Release|Any CPU
		Release|x64 = Release|x64
		Release|x86 = Release|x86
	EndGlobalSection
	GlobalSection(SolutionProperties) = preSolution
		HideSolutionNode = FALSE
	EndGlobalSection
	GlobalSection(ProjectConfigurationPlatforms) = postSolution
		{785F71D9-C43F-4BF3-A19D-B5B37522892F}.Debug|Any CPU.ActiveCfg = Debug|Any CPU
		{785F71D9-C43F-4BF3-A19D-B5B37522892F}.Debug|Any CPU.Build.0 = Debug|Any CPU
		{785F71D9-C43F-4BF3-A19D-B5B37522892F}.Debug|x64.ActiveCfg = Debug|Any CPU
		{785F71D9-C43F-4BF3-A19D-B5B37522892F}.Debug|x64.Build.0 = Debug|Any CPU
		{785F71D9-C43F-4BF3-A19D-B5B37522892F}.Debug|x86.ActiveCfg = Debug|Any CPU
		{785F71D9-C43F-4BF3-A19D-B5B37522892F}.Debug|x86.Build.0 = Debug|Any CPU
		{785F71D9-C43F-4BF3-A19D-B5B37522892F}.Release|Any CPU.ActiveCfg = Release|Any CPU
		{785F71D9-C43F-4BF3-A19D-B5B37522892F}.Release|Any CPU.Build.0 = Release|Any CPU
		{785F71D9-C43F-4BF3-A19D-B5B37522892F}.Release|x64.ActiveCfg = Release|Any CPU
		{785F71D9-C43F-4BF3-A19D-B5B37522892F}.Release|x64.Build.0 = Release|Any CPU
		{785F71D9-C43F-4BF3-A19D-B5B37522892F}.Release|x86.ActiveCfg = Release|Any CPU
		{785F71D9-C43F-4BF3-A19D-B5B37522892F}.Release|x86.Build.0 = Release|Any CPU
		{56B3F495-F512-4489-922D-946E2A30AA25}.Debug|Any CPU.ActiveCfg = Debug|Any CPU
		{56B3F495-F512-4489-922D-946E2A30AA25}.Debug|Any CPU.Build.0 = Debug|Any CPU
		{56B3F495-F512-4489-922D-946E2A30AA25}.Debug|x64.ActiveCfg = Debug|Any CPU
		{56B3F495-F512-4489-922D-946E2A30AA25}.Debug|x64.Build.0 = Debug|Any CPU
		{56B3F495-F512-4489-922D-946E2A30AA25}.Debug|x86.ActiveCfg = Debug|Any CPU
		{56B3F495-F512-4489-922D-946E2A30AA25}.Debug|x86.Build.0 = Debug|Any CPU
		{56B3F495-F512-4489-922D-946E2A30AA25}.Release|Any CPU.ActiveCfg = Release|Any CPU
		{56B3F495-F512-4489-922D-946E2A30AA25}.Release|Any CPU.Build.0 = Release|Any CPU
		{56B3F495-F512-4489-922D-946E2A30AA25}.Release|x64.ActiveCfg = Release|Any CPU
		{56B3F495-F512-4489-922D-946E2A30AA25}.Release|x64.Build.0 = Release|Any CPU
		{56B3F495-F512-4489-922D-946E2A30AA25}.Release|x86.ActiveCfg = Release|Any CPU
		{56B3F495-F512-4489-922D-946E2A30AA25}.Release|x86.Build.0 = Release|Any CPU
		{0245C988-AD16-4FA5-ACE8-F63D52F383DD}.Debug|Any CPU.ActiveCfg = Debug|Any CPU
		{0245C988-AD16-4FA5-ACE8-F63D52F383DD}.Debug|Any CPU.Build.0 = Debug|Any CPU
		{0245C988-AD16-4FA5-ACE8-F63D52F383DD}.Debug|x64.ActiveCfg = Debug|Any CPU
		{0245C988-AD16-4FA5-ACE8-F63D52F383DD}.Debug|x64.Build.0 = Debug|Any CPU
		{0245C988-AD16-4FA5-ACE8-F63D52F383DD}.Debug|x86.ActiveCfg = Debug|Any CPU
		{0245C988-AD16-4FA5-ACE8-F63D52F383DD}.Debug|x86.Build.0 = Debug|Any CPU
		{0245C988-AD16-4FA5-ACE8-F63D52F383DD}.Release|Any CPU.ActiveCfg = Release|Any CPU
		{0245C988-AD16-4FA5-ACE8-F63D52F383DD}.Release|Any CPU.Build.0 = Release|Any CPU
		{0245C988-AD16-4FA5-ACE8-F63D52F383DD}.Release|x64.ActiveCfg = Release|Any CPU
		{0245C988-AD16-4FA5-ACE8-F63D52F383DD}.Release|x64.Build.0 = Release|Any CPU
		{0245C988-AD16-4FA5-ACE8-F63D52F383DD}.Release|x86.ActiveCfg = Release|Any CPU
		{0245C988-AD16-4FA5-ACE8-F63D52F383DD}.Release|x86.Build.0 = Release|Any CPU
		{7E4E38BD-64BF-46E7-936E-1CE591D1503D}.Debug|Any CPU.ActiveCfg = Debug|Any CPU
		{7E4E38BD-64BF-46E7-936E-1CE591D1503D}.Debug|Any CPU.Build.0 = Debug|Any CPU
		{7E4E38BD-64BF-46E7-936E-1CE591D1503D}.Debug|x64.ActiveCfg = Debug|Any CPU
		{7E4E38BD-64BF-46E7-936E-1CE591D1503D}.Debug|x64.Build.0 = Debug|Any CPU
		{7E4E38BD-64BF-46E7-936E-1CE591D1503D}.Debug|x86.ActiveCfg = Debug|Any CPU
		{7E4E38BD-64BF-46E7-936E-1CE591D1503D}.Debug|x86.Build.0 = Debug|Any CPU
		{7E4E38BD-64BF-46E7-936E-1CE591D1503D}.Release|Any CPU.ActiveCfg = Release|Any CPU
		{7E4E38BD-64BF-46E7-936E-1CE591D1503D}.Release|Any CPU.Build.0 = Release|Any CPU
		{7E4E38BD-64BF-46E7-936E-1CE591D1503D}.Release|x64.ActiveCfg = Release|Any CPU
		{7E4E38BD-64BF-46E7-936E-1CE591D1503D}.Release|x64.Build.0 = Release|Any CPU
		{7E4E38BD-64BF-46E7-936E-1CE591D1503D}.Release|x86.ActiveCfg = Release|Any CPU
		{7E4E38BD-64BF-46E7-936E-1CE591D1503D}.Release|x86.Build.0 = Release|Any CPU
	EndGlobalSection
EndGlobal
